# THIS IS AN AUTOGENERATED FILE. DO NOT EDIT THIS FILE DIRECTLY.
# yarn lockfile v1


jquery@^3.2.1:
  version "3.2.1"
  resolved "https://registry.yarnpkg.com/jquery/-/jquery-3.2.1.tgz#5c4d9de652af6cd0a770154a631bba12b015c787"

listen@^1.0.1:
  version "1.0.1"
  resolved "https://registry.yarnpkg.com/listen/-/listen-1.0.1.tgz#feede3d5a874c53c2284d3c3597a5fc5afc74e43"
